
Microsoft Visual Studio Solution File, Format Version 12.00
# Visual Studio Version 17
VisualStudioVersion = 17.6.33723.286
MinimumVisualStudioVersion = 10.0.40219.1
Project("{8BC9CEB8-8B4A-11D0-8D11-00A0C91BC942}") = "CStudy", "CStudy.vcxproj", "{3944F405-5652-4A61-8675-B775E08C9855}"
EndProject
Global
	GlobalSection(SolutionConfigurationPlatforms) = preSolution
		Debug|x64 = Debug|x64
		Debug|x86 = Debug|x86
		Release|x64 = Release|x64
		Release|x86 = Release|x86
	EndGlobalSection
	GlobalSection(ProjectConfigurationPlatforms) = postSolution
		{3944F405-5652-4A61-8675-B775E08C9855}.Debug|x64.ActiveCfg = Debug|x64
		{3944F405-5652-4A61-8675-B775E08C9855}.Debug|x64.Build.0 = Debug|x64
		{3944F405-5652-4A61-8675-B775E08C9855}.Debug|x86.ActiveCfg = Debug|Win32
		{3944F405-5652-4A61-8675-B775E08C9855}.Debug|x86.Build.0 = Debug|Win32
		{3944F405-5652-4A61-8675-B775E08C9855}.Release|x64.ActiveCfg = Release|x64
		{3944F405-5652-4A61-8675-B775E08C9855}.Release|x64.Build.0 = Release|x64
		{3944F405-5652-4A61-8675-B775E08C9855}.Release|x86.ActiveCfg = Release|Win32
		{3944F405-5652-4A61-8675-B775E08C9855}.Release|x86.Build.0 = Release|Win32
	EndGlobalSection
	GlobalSection(SolutionProperties) = preSolution
		HideSolutionNode = FALSE
	EndGlobalSection
	GlobalSection(ExtensibilityGlobals) = postSolution
		SolutionGuid = {1B097ACA-E9B8-47A5-B9A2-5AEFC14D60FB}
	EndGlobalSection
EndGlobal
